Microsoft Visual Studio Solution File, Format Version 12.00
# Visual Studio Version 17
VisualStudioVersion = 17.13.35913.81
MinimumVisualStudioVersion = 10.0.40219.1
Project("{888888A0-9F3D-457C-B088-3A5042F75D52}") = "TriviaClient", "TriviaClient.pyproj", "{38CC023D-ADF3-4EC7-B7F7-498E54482FEA}"
EndProject
Global
	GlobalSection(SolutionConfigurationPlatforms) = preSolution
		Debug|Any CPU = Debug|Any CPU
		Release|Any CPU = Release|Any CPU
	EndGlobalSection
	GlobalSection(ProjectConfigurationPlatforms) = postSolution
		{38CC023D-ADF3-4EC7-B7F7-498E54482FEA}.Debug|Any CPU.ActiveCfg = Debug|Any CPU
		{38CC023D-ADF3-4EC7-B7F7-498E54482FEA}.Release|Any CPU.ActiveCfg = Release|Any CPU
	EndGlobalSection
	GlobalSection(SolutionProperties) = preSolution
		HideSolutionNode = FALSE
	EndGlobalSection
	GlobalSection(ExtensibilityGlobals) = postSolution
		SolutionGuid = {893B8A09-0D08-4DBE-911C-DB50AF0E40CF}
	EndGlobalSection
EndGlobal
